{
  "nodes": {
    "home-manager": {
      "inputs": {
        "nixpkgs": [
          "nixpkgs"
        ]
      },
      "locked": {
        "lastModified": 1612902587,
        "narHash": "sha256-VZ7Z1OMFf5ReObu3CCVBsC2DWloTYDjqW1onUKejVrE=",
        "owner": "nix-community",
        "repo": "home-manager",
        "rev": "209566c752c4428c7692c134731971193f06b37c",
        "type": "github"
      },
      "original": {
        "owner": "nix-community",
        "ref": "release-20.09",
        "repo": "home-manager",
        "type": "github"
      }
    },
    "nix-master": {
      "inputs": {
        "nixpkgs": "nixpkgs"
      },
      "locked": {
        "lastModified": 1617359833,
        "narHash": "sha256-xz6TKiL1FIP3TQQVUFLMSFNw4CqGGwSu4qin35s+qu8=",
        "owner": "NixOS",
        "repo": "nix",
        "rev": "fa8bc5329c1caee5a2455fcf1511b4e0a09d2c6a",
        "type": "github"
      },
      "original": {
        "owner": "NixOS",
        "repo": "nix",
        "type": "github"
      }
    },
    "nixpkgs": {
      "locked": {
        "lastModified": 1614309161,
        "narHash": "sha256-93kRxDPyEW9QIpxU71kCaV1r+hgOgP6/aVgC7vvO8IU=",
        "owner": "NixOS",
        "repo": "nixpkgs",
        "rev": "0e499fde7af3c28d63e9b13636716b86c3162b93",
        "type": "github"
      },
      "original": {
        "id": "nixpkgs",
        "ref": "nixos-20.09-small",
        "type": "indirect"
      }
    },
    "nixpkgs-master": {
      "locked": {
        "lastModified": 1617322598,
        "narHash": "sha256-N57x/v3qMUfqVjnF96t8WsZYgUUyyy7s8VMRT0l88K0=",
        "owner": "NixOS",
        "repo": "nixpkgs",
        "rev": "28ee5b3150b2155145881f8aab71b9a42f85ac9c",
        "type": "github"
      },
      "original": {
        "owner": "NixOS",
        "repo": "nixpkgs",
        "type": "github"
      }
    },
    "nixpkgs-unstable": {
      "locked": {
        "lastModified": 1616527350,
        "narHash": "sha256-VkMevY2WLU+K7T/P4wVj18Ms8zyeRfp05ILf556m5Y8=",
        "owner": "NixOS",
        "repo": "nixpkgs",
        "rev": "d3f7e969b9860fb80750147aeb56dab1c730e756",
        "type": "github"
      },
      "original": {
        "owner": "NixOS",
        "ref": "nixos-unstable",
        "repo": "nixpkgs",
        "type": "github"
      }
    },
    "nixpkgs_2": {
      "locked": {
        "lastModified": 1615932248,
        "narHash": "sha256-Xgc4/CFVp1L3/Qhai8n0Wyr9FCCOuRAfvWhaesLSPYc=",
        "owner": "NixOS",
        "repo": "nixpkgs",
        "rev": "6557a3c1fe8ed87cc97c7c95668324847043dbdc",
        "type": "github"
      },
      "original": {
        "owner": "NixOS",
        "ref": "nixos-20.09",
        "repo": "nixpkgs",
        "type": "github"
      }
    },
    "root": {
      "inputs": {
        "home-manager": "home-manager",
        "nix-master": "nix-master",
        "nixpkgs": "nixpkgs_2",
        "nixpkgs-master": "nixpkgs-master",
        "nixpkgs-unstable": "nixpkgs-unstable"
      }
    }
  },
  "root": "root",
  "version": 7
}
